
Microsoft Visual Studio Solution File, Format Version 12.00
# Visual Studio Version 17
VisualStudioVersion = 17.14.36203.30 d17.14
MinimumVisualStudioVersion = 10.0.40219.1
Project("{FAE04EC0-301F-11D3-BF4B-00C04F79EFBC}") = "OnlineStore", "OnlineStore\OnlineStore.csproj", "{FFEF701F-DD57-468A-8891-F07A641EB732}"
EndProject
Global
	GlobalSection(SolutionConfigurationPlatforms) = preSolution
		Debug|Any CPU = Debug|Any CPU
		Release|Any CPU = Release|Any CPU
	EndGlobalSection
	GlobalSection(ProjectConfigurationPlatforms) = postSolution
		{FFEF701F-DD57-468A-8891-F07A641EB732}.Debug|Any CPU.ActiveCfg = Debug|Any CPU
		{FFEF701F-DD57-468A-8891-F07A641EB732}.Debug|Any CPU.Build.0 = Debug|Any CPU
		{FFEF701F-DD57-468A-8891-F07A641EB732}.Release|Any CPU.ActiveCfg = Release|Any CPU
		{FFEF701F-DD57-468A-8891-F07A641EB732}.Release|Any CPU.Build.0 = Release|Any CPU
	EndGlobalSection
	GlobalSection(SolutionProperties) = preSolution
		HideSolutionNode = FALSE
	EndGlobalSection
	GlobalSection(ExtensibilityGlobals) = postSolution
		SolutionGuid = {CBC2087F-5774-407A-BFCF-EFDFD92BC501}
	EndGlobalSection
EndGlobal
